// !$*UTF8*$!
{
	archiveVersion = 1;
	classes = {
	};
	objectVersion = 50;
	objects = {

/* Begin PBXBuildFile section */
		71938FE4212B653D00BB94DE /* cho.mp3 in Resources */ = {isa = PBXBuildFile; fileRef = 71938FE3212B653D00BB94DE /* cho.mp3 */; };
		71938FE7212B664F00BB94DE /* AVFoundation.framework in Frameworks */ = {isa = PBXBuildFile; fileRef = 71938FE6212B664F00BB94DE /* AVFoundation.framework */; };
		71938FE9212B722D00BB94DE /* Icon.jpg in Resources */ = {isa = PBXBuildFile; fileRef = 71938FE8212B722D00BB94DE /* Icon.jpg */; };
		71AE38FC212A4FC300776270 /* AppDelegate.swift in Sources */ = {isa = PBXBuildFile; fileRef = 71AE38FB212A4FC300776270 /* AppDelegate.swift */; };
		71AE38FE212A4FC300776270 /* ViewController.swift in Sources */ = {isa = PBXBuildFile; fileRef = 71AE38FD212A4FC300776270 /* ViewController.swift */; };
		71AE3901212A4FC300776270 /* Main.storyboard in Resources */ = {isa = PBXBuildFile; fileRef = 71AE38FF212A4FC300776270 /* Main.storyboard */; };
		71AE3903212A4FC400776270 /* Assets.xcassets in Resources */ = {isa = PBXBuildFile; fileRef = 71AE3902212A4FC400776270 /* Assets.xcassets */; };
		71AE3906212A4FC400776270 /* LaunchScreen.storyboard in Resources */ = {isa = PBXBuildFile; fileRef = 71AE3904212A4FC400776270 /* LaunchScreen.storyboard */; };
		71AE390E212A8DAC00776270 /* AboutViewController.swift in Sources */ = {isa = PBXBuildFile; fileRef = 71AE390D212A8DAC00776270 /* AboutViewController.swift */; };
/* End PBXBuildFile section */

/* Begin PBXFileReference section */
		71938FE3212B653D00BB94DE /* cho.mp3 */ = {isa = PBXFileReference; lastKnownFileType = audio.mp3; name = cho.mp3; path = ../../../../../Users/fuongbregas/Desktop/cho.mp3; sourceTree = "<group>"; };
		71938FE6212B664F00BB94DE /* AVFoundation.framework */ = {isa = PBXFileReference; lastKnownFileType = wrapper.framework; name = AVFoundation.framework; path = System/Library/Frameworks/AVFoundation.framework; sourceTree = SDKROOT; };
		71938FE8212B722D00BB94DE /* Icon.jpg */ = {isa = PBXFileReference; lastKnownFileType = image.jpeg; name = Icon.jpg; path = ../../../../../Users/fuongbregas/Desktop/Icon.jpg; sourceTree = "<group>"; };
		71AE38F8212A4FC300776270 /* EagleEye.app */ = {isa = PBXFileReference; explicitFileType = wrapper.application; includeInIndex = 0; path = EagleEye.app; sourceTree = BUILT_PRODUCTS_DIR; };
		71AE38FB212A4FC300776270 /* AppDelegate.swift */ = {isa = PBXFileReference; lastKnownFileType = sourcecode.swift; path = AppDelegate.swift; sourceTree = "<group>"; };
		71AE38FD212A4FC300776270 /* ViewController.swift */ = {isa = PBXFileReference; lastKnownFileType = sourcecode.swift; path = ViewController.swift; sourceTree = "<group>"; };
		71AE3900212A4FC300776270 /* Base */ = {isa = PBXFileReference; lastKnownFileType = file.storyboard; name = Base; path = Base.lproj/Main.storyboard; sourceTree = "<group>"; };
		71AE3902212A4FC400776270 /* Assets.xcassets */ = {isa = PBXFileReference; lastKnownFileType = folder.assetcatalog; path = Assets.xcassets; sourceTree = "<group>"; };
		71AE3905212A4FC400776270 /* Base */ = {isa = PBXFileReference; lastKnownFileType = file.storyboard; name = Base; path = Base.lproj/LaunchScreen.storyboard; sourceTree = "<group>"; };
		71AE3907212A4FC400776270 /* Info.plist */ = {isa = PBXFileReference; lastKnownFileType = text.plist.xml; path = Info.plist; sourceTree = "<group>"; };
		71AE390D212A8DAC00776270 /* AboutViewController.swift */ = {isa = PBXFileReference; lastKnownFileType = sourcecode.swift; path = AboutViewController.swift; sourceTree = "<group>"; };
/* End PBXFileReference section */

/* Begin PBXFrameworksBuildPhase section */
		71AE38F5212A4FC300776270 /* Frameworks */ = {
			isa = PBXFrameworksBuildPhase;
			buildActionMask = 2147483647;
			files = (
				71938FE7212B664F00BB94DE /* AVFoundation.framework in Frameworks */,
			);
			runOnlyForDeploymentPostprocessing = 0;
		};
/* End PBXFrameworksBuildPhase section */

/* Begin PBXGroup section */
		71938FE5212B664F00BB94DE /* Frameworks */ = {
			isa = PBXGroup;
			children = (
				71938FE6212B664F00BB94DE /* AVFoundation.framework */,
			);
			name = Frameworks;
			sourceTree = "<group>";
		};
		71AE38EF212A4FC300776270 = {
			isa = PBXGroup;
			children = (
				71AE38FA212A4FC300776270 /* EagleEye */,
				71AE38F9212A4FC300776270 /* Products */,
				71938FE5212B664F00BB94DE /* Frameworks */,
			);
			sourceTree = "<group>";
		};
		71AE38F9212A4FC300776270 /* Products */ = {
			isa = PBXGroup;
			children = (
				71AE38F8212A4FC300776270 /* EagleEye.app */,
			);
			name = Products;
			sourceTree = "<group>";
		};
		71AE38FA212A4FC300776270 /* EagleEye */ = {
			isa = PBXGroup;
			children = (
				71938FE8212B722D00BB94DE /* Icon.jpg */,
				71938FE3212B653D00BB94DE /* cho.mp3 */,
				71AE38FB212A4FC300776270 /* AppDelegate.swift */,
				71AE38FD212A4FC300776270 /* ViewController.swift */,
				71AE390D212A8DAC00776270 /* AboutViewController.swift */,
				71AE38FF212A4FC300776270 /* Main.storyboard */,
				71AE3902212A4FC400776270 /* Assets.xcassets */,
				71AE3904212A4FC400776270 /* LaunchScreen.storyboard */,
				71AE3907212A4FC400776270 /* Info.plist */,
			);
			path = EagleEye;
			sourceTree = "<group>";
		};
/* End PBXGroup section */

/* Begin PBXNativeTarget section */
		71AE38F7212A4FC300776270 /* EagleEye */ = {
			isa = PBXNativeTarget;
			buildConfigurationList = 71AE390A212A4FC400776270 /* Build configuration list for PBXNativeTarget "EagleEye" */;
			buildPhases = (
				71AE38F4212A4FC300776270 /* Sources */,
				71AE38F5212A4FC300776270 /* Frameworks */,
				71AE38F6212A4FC300776270 /* Resources */,
			);
			buildRules = (
			);
			dependencies = (
			);
			name = EagleEye;
			productName = EagleEye;
			productReference = 71AE38F8212A4FC300776270 /* EagleEye.app */;
			productType = "com.apple.product-type.application";
		};
/* End PBXNativeTarget section */

/* Begin PBXProject section */
		71AE38F0212A4FC300776270 /* Project object */ = {
			isa = PBXProject;
			attributes = {
				LastSwiftUpdateCheck = 0930;
				LastUpgradeCheck = 0930;
				ORGANIZATIONNAME = "Phuong Tran";
				TargetAttributes = {
					71AE38F7212A4FC300776270 = {
						CreatedOnToolsVersion = 9.3.1;
					};
				};
			};
			buildConfigurationList = 71AE38F3212A4FC300776270 /* Build configuration list for PBXProject "EagleEye" */;
			compatibilityVersion = "Xcode 9.3";
			developmentRegion = en;
			hasScannedForEncodings = 0;
			knownRegions = (
				en,
				Base,
			);
			mainGroup = 71AE38EF212A4FC300776270;
			productRefGroup = 71AE38F9212A4FC300776270 /* Products */;
			projectDirPath = "";
			projectRoot = "";
			targets = (
				71AE38F7212A4FC300776270 /* EagleEye */,
			);
		};
/* End PBXProject section */

/* Begin PBXResourcesBuildPhase section */
		71AE38F6212A4FC300776270 /* Resources */ = {
			isa = PBXResourcesBuildPhase;
			buildActionMask = 2147483647;
			files = (
				71AE3906212A4FC400776270 /* LaunchScreen.storyboard in Resources */,
				71AE3903212A4FC400776270 /* Assets.xcassets in Resources */,
				71938FE9212B722D00BB94DE /* Icon.jpg in Resources */,
				71AE3901212A4FC300776270 /* Main.storyboard in Resources */,
				71938FE4212B653D00BB94DE /* cho.mp3 in Resources */,
			);
			runOnlyForDeploymentPostprocessing = 0;
		};
/* End PBXResourcesBuildPhase section */

/* Begin PBXSourcesBuildPhase section */
		71AE38F4212A4FC300776270 /* Sources */ = {
			isa = PBXSourcesBuildPhase;
			buildActionMask = 2147483647;
			files = (
				71AE390E212A8DAC00776270 /* AboutViewController.swift in Sources */,
				71AE38FE212A4FC300776270 /* ViewController.swift in Sources */,
				71AE38FC212A4FC300776270 /* AppDelegate.swift in Sources */,
			);
			runOnlyForDeploymentPostprocessing = 0;
		};
/* End PBXSourcesBuildPhase section */

/* Begin PBXVariantGroup section */
		71AE38FF212A4FC300776270 /* Main.storyboard */ = {
			isa = PBXVariantGroup;
			children = (
				71AE3900212A4FC300776270 /* Base */,
			);
			name = Main.storyboard;
			sourceTree = "<group>";
		};
		71AE3904212A4FC400776270 /* LaunchScreen.storyboard */ = {
			isa = PBXVariantGroup;
			children = (
				71AE3905212A4FC400776270 /* Base */,
			);
			name = LaunchScreen.storyboard;
			sourceTree = "<group>";
		};
/* End PBXVariantGroup section */

/* Begin XCBuildConfiguration section */
		71AE3908212A4FC400776270 /* Debug */ = {
			isa = XCBuildConfiguration;
			buildSettings = {
				ALWAYS_SEARCH_USER_PATHS = NO;
				CLANG_ANALYZER_NONNULL = YES;
				CLANG_ANALYZER_NUMBER_OBJECT_CONVERSION = YES_AGGRESSIVE;
				CLANG_CXX_LANGUAGE_STANDARD = "gnu++14";
				CLANG_CXX_LIBRARY = "libc++";
				CLANG_ENABLE_MODULES = YES;
				CLANG_ENABLE_OBJC_ARC = YES;
				CLANG_ENABLE_OBJC_WEAK = YES;
				CLANG_WARN_BLOCK_CAPTURE_AUTORELEASING = YES;
				CLANG_WARN_BOOL_CONVERSION = YES;
				CLANG_WARN_COMMA = YES;
				CLANG_WARN_CONSTANT_CONVERSION = YES;
				CLANG_WARN_DEPRECATED_OBJC_IMPLEMENTATIONS = YES;
				CLANG_WARN_DIRECT_OBJC_ISA_USAGE = YES_ERROR;
				CLANG_WARN_DOCUMENTATION_COMMENTS = YES;
				CLANG_WARN_EMPTY_BODY = YES;
				CLANG_WARN_ENUM_CONVERSION = YES;
				CLANG_WARN_INFINITE_RECURSION = YES;
				CLANG_WARN_INT_CONVERSION = YES;
				CLANG_WARN_NON_LITERAL_NULL_CONVERSION = YES;
				CLANG_WARN_OBJC_IMPLICIT_RETAIN_SELF = YES;
				CLANG_WARN_OBJC_LITERAL_CONVERSION = YES;
				CLANG_WARN_OBJC_ROOT_CLASS = YES_ERROR;
				CLANG_WARN_RANGE_LOOP_ANALYSIS = YES;
				CLANG_WARN_STRICT_PROTOTYPES = YES;
				CLANG_WARN_SUSPICIOUS_MOVE = YES;
				CLANG_WARN_UNGUARDED_AVAILABILITY = YES_AGGRESSIVE;
				CLANG_WARN_UNREACHABLE_CODE = YES;
				CLANG_WARN__DUPLICATE_METHOD_MATCH = YES;
				CODE_SIGN_IDENTITY = "iPhone Developer";
				COPY_PHASE_STRIP = NO;
				DEBUG_INFORMATION_FORMAT = dwarf;
				ENABLE_STRICT_OBJC_MSGSEND = YES;
				ENABLE_TESTABILITY = YES;
				GCC_C_LANGUAGE_STANDARD = gnu11;
				GCC_DYNAMIC_NO_PIC = NO;
				GCC_NO_COMMON_BLOCKS = YES;
				GCC_OPTIMIZATION_LEVEL = 0;
				GCC_PREPROCESSOR_DEFINITIONS = (
					"DEBUG=1",
					"$(inherited)",
				);
				GCC_WARN_64_TO_32_BIT_CONVERSION = YES;
				GCC_WARN_ABOUT_RETURN_TYPE = YES_ERROR;
				GCC_WARN_UNDECLARED_SELECTOR = YES;
				GCC_WARN_UNINITIALIZED_AUTOS = YES_AGGRESSIVE;
				GCC_WARN_UNUSED_FUNCTION = YES;
				GCC_WARN_UNUSED_VARIABLE = YES;
				IPHONEOS_DEPLOYMENT_TARGET = 11.3;
				MTL_ENABLE_DEBUG_INFO = YES;
				ONLY_ACTIVE_ARCH = YES;
				SDKROOT = iphoneos;
				SWIFT_ACTIVE_COMPILATION_CONDITIONS = DEBUG;
				SWIFT_OPTIMIZATION_LEVEL = "-Onone";
			};
			name = Debug;
		};
		71AE3909212A4FC400776270 /* Release */ = {
			isa = XCBuildConfiguration;
			buildSettings = {
				ALWAYS_SEARCH_USER_PATHS = NO;
				CLANG_ANALYZER_NONNULL = YES;
				CLANG_ANALYZER_NUMBER_OBJECT_CONVERSION = YES_AGGRESSIVE;
				CLANG_CXX_LANGUAGE_STANDARD = "gnu++14";
				CLANG_CXX_LIBRARY = "libc++";
				CLANG_ENABLE_MODULES = YES;
				CLANG_ENABLE_OBJC_ARC = YES;
				CLANG_ENABLE_OBJC_WEAK = YES;
				CLANG_WARN_BLOCK_CAPTURE_AUTORELEASING = YES;
				CLANG_WARN_BOOL_CONVERSION = YES;
				CLANG_WARN_COMMA = YES;
				CLANG_WARN_CONSTANT_CONVERSION = YES;
				CLANG_WARN_DEPRECATED_OBJC_IMPLEMENTATIONS = YES;
				CLANG_WARN_DIRECT_OBJC_ISA_USAGE = YES_ERROR;
				CLANG_WARN_DOCUMENTATION_COMMENTS = YES;
				CLANG_WARN_EMPTY_BODY = YES;
				CLANG_WARN_ENUM_CONVERSION = YES;
				CLANG_WARN_INFINITE_RECURSION = YES;
				CLANG_WARN_INT_CONVERSION = YES;
				CLANG_WARN_NON_LITERAL_NULL_CONVERSION = YES;
				CLANG_WARN_OBJC_IMPLICIT_RETAIN_SELF = YES;
				CLANG_WARN_OBJC_LITERAL_CONVERSION = YES;
				CLANG_WARN_OBJC_ROOT_CLASS = YES_ERROR;
				CLANG_WARN_RANGE_LOOP_ANALYSIS = YES;
				CLANG_WARN_STRICT_PROTOTYPES = YES;
				CLANG_WARN_SUSPICIOUS_MOVE = YES;
				CLANG_WARN_UNGUARDED_AVAILABILITY = YES_AGGRESSIVE;
				CLANG_WARN_UNREACHABLE_CODE = YES;
				CLANG_WARN__DUPLICATE_METHOD_MATCH = YES;
				CODE_SIGN_IDENTITY = "iPhone Developer";
				COPY_PHASE_STRIP = NO;
				DEBUG_INFORMATION_FORMAT = "dwarf-with-dsym";
				ENABLE_NS_ASSERTIONS = NO;
				ENABLE_STRICT_OBJC_MSGSEND = YES;
				GCC_C_LANGUAGE_STANDARD = gnu11;
				GCC_NO_COMMON_BLOCKS = YES;
				GCC_WARN_64_TO_32_BIT_CONVERSION = YES;
				GCC_WARN_ABOUT_RETURN_TYPE = YES_ERROR;
				GCC_WARN_UNDECLARED_SELECTOR = YES;
				GCC_WARN_UNINITIALIZED_AUTOS = YES_AGGRESSIVE;
				GCC_WARN_UNUSED_FUNCTION = YES;
				GCC_WARN_UNUSED_VARIABLE = YES;
				IPHONEOS_DEPLOYMENT_TARGET = 11.3;
				MTL_ENABLE_DEBUG_INFO = NO;
				SDKROOT = iphoneos;
				SWIFT_COMPILATION_MODE = wholemodule;
				SWIFT_OPTIMIZATION_LEVEL = "-O";
				VALIDATE_PRODUCT = YES;
			};
			name = Release;
		};
		71AE390B212A4FC400776270 /* Debug */ = {
			isa = XCBuildConfiguration;
			buildSettings = {
				ASSETCATALOG_COMPILER_APPICON_NAME = AppIcon;
				CODE_SIGN_STYLE = Automatic;
				DEVELOPMENT_TEAM = 3WZN8KQRS9;
				INFOPLIST_FILE = EagleEye/Info.plist;
				LD_RUNPATH_SEARCH_PATHS = (
					"$(inherited)",
					"@executable_path/Frameworks",
				);
				PRODUCT_BUNDLE_IDENTIFIER = poker.EagleEye;
				PRODUCT_NAME = "$(TARGET_NAME)";
				SWIFT_VERSION = 4.0;
				TARGETED_DEVICE_FAMILY = "1,2";
			};
			name = Debug;
		};
		71AE390C212A4FC400776270 /* Release */ = {
			isa = XCBuildConfiguration;
			buildSettings = {
				ASSETCATALOG_COMPILER_APPICON_NAME = AppIcon;
				CODE_SIGN_STYLE = Automatic;
				DEVELOPMENT_TEAM = 3WZN8KQRS9;
				INFOPLIST_FILE = EagleEye/Info.plist;
				LD_RUNPATH_SEARCH_PATHS = (
					"$(inherited)",
					"@executable_path/Frameworks",
				);
				PRODUCT_BUNDLE_IDENTIFIER = poker.EagleEye;
				PRODUCT_NAME = "$(TARGET_NAME)";
				SWIFT_VERSION = 4.0;
				TARGETED_DEVICE_FAMILY = "1,2";
			};
			name = Release;
		};
/* End XCBuildConfiguration section */

/* Begin XCConfigurationList section */
		71AE38F3212A4FC300776270 /* Build configuration list for PBXProject "EagleEye" */ = {
			isa = XCConfigurationList;
			buildConfigurations = (
				71AE3908212A4FC400776270 /* Debug */,
				71AE3909212A4FC400776270 /* Release */,
			);
			defaultConfigurationIsVisible = 0;
			defaultConfigurationName = Release;
		};
		71AE390A212A4FC400776270 /* Build configuration list for PBXNativeTarget "EagleEye" */ = {
			isa = XCConfigurationList;
			buildConfigurations = (
				71AE390B212A4FC400776270 /* Debug */,
				71AE390C212A4FC400776270 /* Release */,
			);
			defaultConfigurationIsVisible = 0;
			defaultConfigurationName = Release;
		};
/* End XCConfigurationList section */
	};
	rootObject = 71AE38F0212A4FC300776270 /* Project object */;
}
